github.com/Joakker/tcod-go v0.4.0 h1:3vDYgYJNlyEDK3XZ3vymo037v5RFz/brb49IxLJlE4g=
github.com/Joakker/tcod-go v0.4.0/go.mod h1:9lOjpMxj/HX5edh61vAkcOV3Se/G46IIBpI5R5edMLM=
github.com/OpenPeeDeeP/xdg v1.0.0 h1:UDLmNjCGFZZCaVMB74DqYEtXkHxnTxcr4FeJVF9uCn8=
github.com/OpenPeeDeeP/xdg v1.0.0/go.mod h1:tMoSueLQlMf0TCldjrJLNIjAc5qAOIcHt5REi88/Ygo=
github.com/davecgh/go-spew v1.1.1/go.mod h1:J7Y8YcW2NihsgmVo/mv3lAwl/skON4iLHjSsI+c5H38=
github.com/pmezard/go-difflib v1.0.0/go.mod h1:iKH77koFhYxTK1pcRnkKkqfTogsbg7gZNVY4sRDYZ/4=
github.com/stretchr/objx v0.1.1/go.mod h1:HFkY916IF+rwdDfMAkV7OtwuqBVzrE8GR6GFx+wExME=
github.com/stretchr/testify v1.2.2/go.mod h1:a8OnRcib4nhh0OaRAV+Yts87kKdq0PP7pXfy6kDkUVs=
